// !$*UTF8*$!
{
	archiveVersion = 1;
	classes = {
	};
	objectVersion = 48;
	objects = {

/* Begin PBXBuildFile section */
		677A92941FBD3C2300D4D48B /* AppDelegate.swift in Sources */ = {isa = PBXBuildFile; fileRef = 677A92931FBD3C2300D4D48B /* AppDelegate.swift */; };
		677A92961FBD3C2300D4D48B /* MapViewController.swift in Sources */ = {isa = PBXBuildFile; fileRef = 677A92951FBD3C2300D4D48B /* MapViewController.swift */; };
		677A92991FBD3C2300D4D48B /* Main.storyboard in Resources */ = {isa = PBXBuildFile; fileRef = 677A92971FBD3C2300D4D48B /* Main.storyboard */; };
		677A929C1FBD3C2300D4D48B /* ios_virtual_tourist.xcdatamodeld in Sources */ = {isa = PBXBuildFile; fileRef = 677A929A1FBD3C2300D4D48B /* ios_virtual_tourist.xcdatamodeld */; };
		677A929E1FBD3C2300D4D48B /* Assets.xcassets in Resources */ = {isa = PBXBuildFile; fileRef = 677A929D1FBD3C2300D4D48B /* Assets.xcassets */; };
		677A92A11FBD3C2300D4D48B /* LaunchScreen.storyboard in Resources */ = {isa = PBXBuildFile; fileRef = 677A929F1FBD3C2300D4D48B /* LaunchScreen.storyboard */; };
		679D57321FBE5E410078F48D /* CollectionImage+CoreDataClass.swift in Sources */ = {isa = PBXBuildFile; fileRef = 679D572E1FBE5E410078F48D /* CollectionImage+CoreDataClass.swift */; };
		679D57331FBE5E420078F48D /* CollectionImage+CoreDataProperties.swift in Sources */ = {isa = PBXBuildFile; fileRef = 679D572F1FBE5E410078F48D /* CollectionImage+CoreDataProperties.swift */; };
		679D57341FBE5E420078F48D /* Pin+CoreDataClass.swift in Sources */ = {isa = PBXBuildFile; fileRef = 679D57301FBE5E410078F48D /* Pin+CoreDataClass.swift */; };
		679D57351FBE5E420078F48D /* Pin+CoreDataProperties.swift in Sources */ = {isa = PBXBuildFile; fileRef = 679D57311FBE5E410078F48D /* Pin+CoreDataProperties.swift */; };
		679D57381FBE6A9D0078F48D /* EditViewController.swift in Sources */ = {isa = PBXBuildFile; fileRef = 679D57371FBE6A9D0078F48D /* EditViewController.swift */; };
		67B2EDAB1FBF99F50042750F /* EditViewCell.swift in Sources */ = {isa = PBXBuildFile; fileRef = 67B2EDAA1FBF99F50042750F /* EditViewCell.swift */; };
/* End PBXBuildFile section */

/* Begin PBXFileReference section */
		677A92901FBD3C2300D4D48B /* ios-virtual-tourist.app */ = {isa = PBXFileReference; explicitFileType = wrapper.application; includeInIndex = 0; path = "ios-virtual-tourist.app"; sourceTree = BUILT_PRODUCTS_DIR; };
		677A92931FBD3C2300D4D48B /* AppDelegate.swift */ = {isa = PBXFileReference; lastKnownFileType = sourcecode.swift; path = AppDelegate.swift; sourceTree = "<group>"; };
		677A92951FBD3C2300D4D48B /* MapViewController.swift */ = {isa = PBXFileReference; lastKnownFileType = sourcecode.swift; path = MapViewController.swift; sourceTree = "<group>"; };
		677A92981FBD3C2300D4D48B /* Base */ = {isa = PBXFileReference; lastKnownFileType = file.storyboard; name = Base; path = Base.lproj/Main.storyboard; sourceTree = "<group>"; };
		677A929B1FBD3C2300D4D48B /* ios_virtual_tourist.xcdatamodel */ = {isa = PBXFileReference; lastKnownFileType = wrapper.xcdatamodel; path = ios_virtual_tourist.xcdatamodel; sourceTree = "<group>"; };
		677A929D1FBD3C2300D4D48B /* Assets.xcassets */ = {isa = PBXFileReference; lastKnownFileType = folder.assetcatalog; path = Assets.xcassets; sourceTree = "<group>"; };
		677A92A01FBD3C2300D4D48B /* Base */ = {isa = PBXFileReference; lastKnownFileType = file.storyboard; name = Base; path = Base.lproj/LaunchScreen.storyboard; sourceTree = "<group>"; };
		677A92A21FBD3C2300D4D48B /* Info.plist */ = {isa = PBXFileReference; lastKnownFileType = text.plist.xml; path = Info.plist; sourceTree = "<group>"; };
		679D572E1FBE5E410078F48D /* CollectionImage+CoreDataClass.swift */ = {isa = PBXFileReference; lastKnownFileType = sourcecode.swift; path = "CollectionImage+CoreDataClass.swift"; sourceTree = "<group>"; };
		679D572F1FBE5E410078F48D /* CollectionImage+CoreDataProperties.swift */ = {isa = PBXFileReference; lastKnownFileType = sourcecode.swift; path = "CollectionImage+CoreDataProperties.swift"; sourceTree = "<group>"; };
		679D57301FBE5E410078F48D /* Pin+CoreDataClass.swift */ = {isa = PBXFileReference; lastKnownFileType = sourcecode.swift; path = "Pin+CoreDataClass.swift"; sourceTree = "<group>"; };
		679D57311FBE5E410078F48D /* Pin+CoreDataProperties.swift */ = {isa = PBXFileReference; lastKnownFileType = sourcecode.swift; path = "Pin+CoreDataProperties.swift"; sourceTree = "<group>"; };
		679D57371FBE6A9D0078F48D /* EditViewController.swift */ = {isa = PBXFileReference; lastKnownFileType = sourcecode.swift; path = EditViewController.swift; sourceTree = "<group>"; };
		67B2EDAA1FBF99F50042750F /* EditViewCell.swift */ = {isa = PBXFileReference; lastKnownFileType = sourcecode.swift; path = EditViewCell.swift; sourceTree = "<group>"; };
/* End PBXFileReference section */

/* Begin PBXFrameworksBuildPhase section */
		677A928D1FBD3C2300D4D48B /* Frameworks */ = {
			isa = PBXFrameworksBuildPhase;
			buildActionMask = 2147483647;
			files = (
			);
			runOnlyForDeploymentPostprocessing = 0;
		};
/* End PBXFrameworksBuildPhase section */

/* Begin PBXGroup section */
		677A92871FBD3C2300D4D48B = {
			isa = PBXGroup;
			children = (
				677A92921FBD3C2300D4D48B /* ios-virtual-tourist */,
				677A92911FBD3C2300D4D48B /* Products */,
			);
			sourceTree = "<group>";
		};
		677A92911FBD3C2300D4D48B /* Products */ = {
			isa = PBXGroup;
			children = (
				677A92901FBD3C2300D4D48B /* ios-virtual-tourist.app */,
			);
			name = Products;
			sourceTree = "<group>";
		};
		677A92921FBD3C2300D4D48B /* ios-virtual-tourist */ = {
			isa = PBXGroup;
			children = (
				679D57361FBE6A870078F48D /* Controllers */,
				67BDB9591FBD4B2000C53D9E /* Models */,
				677A92931FBD3C2300D4D48B /* AppDelegate.swift */,
				677A92971FBD3C2300D4D48B /* Main.storyboard */,
				677A929D1FBD3C2300D4D48B /* Assets.xcassets */,
				677A929F1FBD3C2300D4D48B /* LaunchScreen.storyboard */,
				677A92A21FBD3C2300D4D48B /* Info.plist */,
				677A929A1FBD3C2300D4D48B /* ios_virtual_tourist.xcdatamodeld */,
			);
			path = "ios-virtual-tourist";
			sourceTree = "<group>";
		};
		679D57361FBE6A870078F48D /* Controllers */ = {
			isa = PBXGroup;
			children = (
				679D57371FBE6A9D0078F48D /* EditViewController.swift */,
				677A92951FBD3C2300D4D48B /* MapViewController.swift */,
			);
			path = Controllers;
			sourceTree = "<group>";
		};
		67BDB9591FBD4B2000C53D9E /* Models */ = {
			isa = PBXGroup;
			children = (
				679D572E1FBE5E410078F48D /* CollectionImage+CoreDataClass.swift */,
				679D572F1FBE5E410078F48D /* CollectionImage+CoreDataProperties.swift */,
				679D57301FBE5E410078F48D /* Pin+CoreDataClass.swift */,
				679D57311FBE5E410078F48D /* Pin+CoreDataProperties.swift */,
				67B2EDAA1FBF99F50042750F /* EditViewCell.swift */,
			);
			path = Models;
			sourceTree = "<group>";
		};
/* End PBXGroup section */

/* Begin PBXNativeTarget section */
		677A928F1FBD3C2300D4D48B /* ios-virtual-tourist */ = {
			isa = PBXNativeTarget;
			buildConfigurationList = 677A92A51FBD3C2300D4D48B /* Build configuration list for PBXNativeTarget "ios-virtual-tourist" */;
			buildPhases = (
				677A928C1FBD3C2300D4D48B /* Sources */,
				677A928D1FBD3C2300D4D48B /* Frameworks */,
				677A928E1FBD3C2300D4D48B /* Resources */,
			);
			buildRules = (
			);
			dependencies = (
			);
			name = "ios-virtual-tourist";
			productName = "ios-virtual-tourist";
			productReference = 677A92901FBD3C2300D4D48B /* ios-virtual-tourist.app */;
			productType = "com.apple.product-type.application";
		};
/* End PBXNativeTarget section */

/* Begin PBXProject section */
		677A92881FBD3C2300D4D48B /* Project object */ = {
			isa = PBXProject;
			attributes = {
				LastSwiftUpdateCheck = 0910;
				LastUpgradeCheck = 0910;
				ORGANIZATIONNAME = "tpb-dev";
				TargetAttributes = {
					677A928F1FBD3C2300D4D48B = {
						CreatedOnToolsVersion = 9.1;
						ProvisioningStyle = Automatic;
					};
				};
			};
			buildConfigurationList = 677A928B1FBD3C2300D4D48B /* Build configuration list for PBXProject "ios-virtual-tourist" */;
			compatibilityVersion = "Xcode 8.0";
			developmentRegion = en;
			hasScannedForEncodings = 0;
			knownRegions = (
				en,
				Base,
			);
			mainGroup = 677A92871FBD3C2300D4D48B;
			productRefGroup = 677A92911FBD3C2300D4D48B /* Products */;
			projectDirPath = "";
			projectRoot = "";
			targets = (
				677A928F1FBD3C2300D4D48B /* ios-virtual-tourist */,
			);
		};
/* End PBXProject section */

/* Begin PBXResourcesBuildPhase section */
		677A928E1FBD3C2300D4D48B /* Resources */ = {
			isa = PBXResourcesBuildPhase;
			buildActionMask = 2147483647;
			files = (
				677A92A11FBD3C2300D4D48B /* LaunchScreen.storyboard in Resources */,
				677A929E1FBD3C2300D4D48B /* Assets.xcassets in Resources */,
				677A92991FBD3C2300D4D48B /* Main.storyboard in Resources */,
			);
			runOnlyForDeploymentPostprocessing = 0;
		};
/* End PBXResourcesBuildPhase section */

/* Begin PBXSourcesBuildPhase section */
		677A928C1FBD3C2300D4D48B /* Sources */ = {
			isa = PBXSourcesBuildPhase;
			buildActionMask = 2147483647;
			files = (
				679D57381FBE6A9D0078F48D /* EditViewController.swift in Sources */,
				677A92961FBD3C2300D4D48B /* MapViewController.swift in Sources */,
				679D57321FBE5E410078F48D /* CollectionImage+CoreDataClass.swift in Sources */,
				677A92941FBD3C2300D4D48B /* AppDelegate.swift in Sources */,
				679D57351FBE5E420078F48D /* Pin+CoreDataProperties.swift in Sources */,
				679D57341FBE5E420078F48D /* Pin+CoreDataClass.swift in Sources */,
				67B2EDAB1FBF99F50042750F /* EditViewCell.swift in Sources */,
				679D57331FBE5E420078F48D /* CollectionImage+CoreDataProperties.swift in Sources */,
				677A929C1FBD3C2300D4D48B /* ios_virtual_tourist.xcdatamodeld in Sources */,
			);
			runOnlyForDeploymentPostprocessing = 0;
		};
/* End PBXSourcesBuildPhase section */

/* Begin PBXVariantGroup section */
		677A92971FBD3C2300D4D48B /* Main.storyboard */ = {
			isa = PBXVariantGroup;
			children = (
				677A92981FBD3C2300D4D48B /* Base */,
			);
			name = Main.storyboard;
			sourceTree = "<group>";
		};
		677A929F1FBD3C2300D4D48B /* LaunchScreen.storyboard */ = {
			isa = PBXVariantGroup;
			children = (
				677A92A01FBD3C2300D4D48B /* Base */,
			);
			name = LaunchScreen.storyboard;
			sourceTree = "<group>";
		};
/* End PBXVariantGroup section */

/* Begin XCBuildConfiguration section */
		677A92A31FBD3C2300D4D48B /* Debug */ = {
			isa = XCBuildConfiguration;
			buildSettings = {
				ALWAYS_SEARCH_USER_PATHS = NO;
				CLANG_ANALYZER_NONNULL = YES;
				CLANG_ANALYZER_NUMBER_OBJECT_CONVERSION = YES_AGGRESSIVE;
				CLANG_CXX_LANGUAGE_STANDARD = "gnu++14";
				CLANG_CXX_LIBRARY = "libc++";
				CLANG_ENABLE_MODULES = YES;
				CLANG_ENABLE_OBJC_ARC = YES;
				CLANG_WARN_BLOCK_CAPTURE_AUTORELEASING = YES;
				CLANG_WARN_BOOL_CONVERSION = YES;
				CLANG_WARN_COMMA = YES;
				CLANG_WARN_CONSTANT_CONVERSION = YES;
				CLANG_WARN_DIRECT_OBJC_ISA_USAGE = YES_ERROR;
				CLANG_WARN_DOCUMENTATION_COMMENTS = YES;
				CLANG_WARN_EMPTY_BODY = YES;
				CLANG_WARN_ENUM_CONVERSION = YES;
				CLANG_WARN_INFINITE_RECURSION = YES;
				CLANG_WARN_INT_CONVERSION = YES;
				CLANG_WARN_NON_LITERAL_NULL_CONVERSION = YES;
				CLANG_WARN_OBJC_LITERAL_CONVERSION = YES;
				CLANG_WARN_OBJC_ROOT_CLASS = YES_ERROR;
				CLANG_WARN_RANGE_LOOP_ANALYSIS = YES;
				CLANG_WARN_STRICT_PROTOTYPES = YES;
				CLANG_WARN_SUSPICIOUS_MOVE = YES;
				CLANG_WARN_UNGUARDED_AVAILABILITY = YES_AGGRESSIVE;
				CLANG_WARN_UNREACHABLE_CODE = YES;
				CLANG_WARN__DUPLICATE_METHOD_MATCH = YES;
				CODE_SIGN_IDENTITY = "iPhone Developer";
				COPY_PHASE_STRIP = NO;
				DEBUG_INFORMATION_FORMAT = dwarf;
				ENABLE_STRICT_OBJC_MSGSEND = YES;
				ENABLE_TESTABILITY = YES;
				GCC_C_LANGUAGE_STANDARD = gnu11;
				GCC_DYNAMIC_NO_PIC = NO;
				GCC_NO_COMMON_BLOCKS = YES;
				GCC_OPTIMIZATION_LEVEL = 0;
				GCC_PREPROCESSOR_DEFINITIONS = (
					"DEBUG=1",
					"$(inherited)",
				);
				GCC_WARN_64_TO_32_BIT_CONVERSION = YES;
				GCC_WARN_ABOUT_RETURN_TYPE = YES_ERROR;
				GCC_WARN_UNDECLARED_SELECTOR = YES;
				GCC_WARN_UNINITIALIZED_AUTOS = YES_AGGRESSIVE;
				GCC_WARN_UNUSED_FUNCTION = YES;
				GCC_WARN_UNUSED_VARIABLE = YES;
				IPHONEOS_DEPLOYMENT_TARGET = 11.1;
				MTL_ENABLE_DEBUG_INFO = YES;
				ONLY_ACTIVE_ARCH = YES;
				SDKROOT = iphoneos;
				SWIFT_ACTIVE_COMPILATION_CONDITIONS = DEBUG;
				SWIFT_OPTIMIZATION_LEVEL = "-Onone";
			};
			name = Debug;
		};
		677A92A41FBD3C2300D4D48B /* Release */ = {
			isa = XCBuildConfiguration;
			buildSettings = {
				ALWAYS_SEARCH_USER_PATHS = NO;
				CLANG_ANALYZER_NONNULL = YES;
				CLANG_ANALYZER_NUMBER_OBJECT_CONVERSION = YES_AGGRESSIVE;
				CLANG_CXX_LANGUAGE_STANDARD = "gnu++14";
				CLANG_CXX_LIBRARY = "libc++";
				CLANG_ENABLE_MODULES = YES;
				CLANG_ENABLE_OBJC_ARC = YES;
				CLANG_WARN_BLOCK_CAPTURE_AUTORELEASING = YES;
				CLANG_WARN_BOOL_CONVERSION = YES;
				CLANG_WARN_COMMA = YES;
				CLANG_WARN_CONSTANT_CONVERSION = YES;
				CLANG_WARN_DIRECT_OBJC_ISA_USAGE = YES_ERROR;
				CLANG_WARN_DOCUMENTATION_COMMENTS = YES;
				CLANG_WARN_EMPTY_BODY = YES;
				CLANG_WARN_ENUM_CONVERSION = YES;
				CLANG_WARN_INFINITE_RECURSION = YES;
				CLANG_WARN_INT_CONVERSION = YES;
				CLANG_WARN_NON_LITERAL_NULL_CONVERSION = YES;
				CLANG_WARN_OBJC_LITERAL_CONVERSION = YES;
				CLANG_WARN_OBJC_ROOT_CLASS = YES_ERROR;
				CLANG_WARN_RANGE_LOOP_ANALYSIS = YES;
				CLANG_WARN_STRICT_PROTOTYPES = YES;
				CLANG_WARN_SUSPICIOUS_MOVE = YES;
				CLANG_WARN_UNGUARDED_AVAILABILITY = YES_AGGRESSIVE;
				CLANG_WARN_UNREACHABLE_CODE = YES;
				CLANG_WARN__DUPLICATE_METHOD_MATCH = YES;
				CODE_SIGN_IDENTITY = "iPhone Developer";
				COPY_PHASE_STRIP = NO;
				DEBUG_INFORMATION_FORMAT = "dwarf-with-dsym";
				ENABLE_NS_ASSERTIONS = NO;
				ENABLE_STRICT_OBJC_MSGSEND = YES;
				GCC_C_LANGUAGE_STANDARD = gnu11;
				GCC_NO_COMMON_BLOCKS = YES;
				GCC_WARN_64_TO_32_BIT_CONVERSION = YES;
				GCC_WARN_ABOUT_RETURN_TYPE = YES_ERROR;
				GCC_WARN_UNDECLARED_SELECTOR = YES;
				GCC_WARN_UNINITIALIZED_AUTOS = YES_AGGRESSIVE;
				GCC_WARN_UNUSED_FUNCTION = YES;
				GCC_WARN_UNUSED_VARIABLE = YES;
				IPHONEOS_DEPLOYMENT_TARGET = 11.1;
				MTL_ENABLE_DEBUG_INFO = NO;
				SDKROOT = iphoneos;
				SWIFT_OPTIMIZATION_LEVEL = "-Owholemodule";
				VALIDATE_PRODUCT = YES;
			};
			name = Release;
		};
		677A92A61FBD3C2300D4D48B /* Debug */ = {
			isa = XCBuildConfiguration;
			buildSettings = {
				ASSETCATALOG_COMPILER_APPICON_NAME = AppIcon;
				CODE_SIGN_STYLE = Automatic;
				DEVELOPMENT_TEAM = NP9T4426XG;
				INFOPLIST_FILE = "ios-virtual-tourist/Info.plist";
				LD_RUNPATH_SEARCH_PATHS = "$(inherited) @executable_path/Frameworks";
				PRODUCT_BUNDLE_IDENTIFIER = "Randall-Tom.ios-virtual-tourist";
				PRODUCT_NAME = "$(TARGET_NAME)";
				SWIFT_VERSION = 4.0;
				TARGETED_DEVICE_FAMILY = "1,2";
			};
			name = Debug;
		};
		677A92A71FBD3C2300D4D48B /* Release */ = {
			isa = XCBuildConfiguration;
			buildSettings = {
				ASSETCATALOG_COMPILER_APPICON_NAME = AppIcon;
				CODE_SIGN_STYLE = Automatic;
				DEVELOPMENT_TEAM = NP9T4426XG;
				INFOPLIST_FILE = "ios-virtual-tourist/Info.plist";
				LD_RUNPATH_SEARCH_PATHS = "$(inherited) @executable_path/Frameworks";
				PRODUCT_BUNDLE_IDENTIFIER = "Randall-Tom.ios-virtual-tourist";
				PRODUCT_NAME = "$(TARGET_NAME)";
				SWIFT_VERSION = 4.0;
				TARGETED_DEVICE_FAMILY = "1,2";
			};
			name = Release;
		};
/* End XCBuildConfiguration section */

/* Begin XCConfigurationList section */
		677A928B1FBD3C2300D4D48B /* Build configuration list for PBXProject "ios-virtual-tourist" */ = {
			isa = XCConfigurationList;
			buildConfigurations = (
				677A92A31FBD3C2300D4D48B /* Debug */,
				677A92A41FBD3C2300D4D48B /* Release */,
			);
			defaultConfigurationIsVisible = 0;
			defaultConfigurationName = Release;
		};
		677A92A51FBD3C2300D4D48B /* Build configuration list for PBXNativeTarget "ios-virtual-tourist" */ = {
			isa = XCConfigurationList;
			buildConfigurations = (
				677A92A61FBD3C2300D4D48B /* Debug */,
				677A92A71FBD3C2300D4D48B /* Release */,
			);
			defaultConfigurationIsVisible = 0;
			defaultConfigurationName = Release;
		};
/* End XCConfigurationList section */

/* Begin XCVersionGroup section */
		677A929A1FBD3C2300D4D48B /* ios_virtual_tourist.xcdatamodeld */ = {
			isa = XCVersionGroup;
			children = (
				677A929B1FBD3C2300D4D48B /* ios_virtual_tourist.xcdatamodel */,
			);
			currentVersion = 677A929B1FBD3C2300D4D48B /* ios_virtual_tourist.xcdatamodel */;
			path = ios_virtual_tourist.xcdatamodeld;
			sourceTree = "<group>";
			versionGroupType = wrapper.xcdatamodel;
		};
/* End XCVersionGroup section */
	};
	rootObject = 677A92881FBD3C2300D4D48B /* Project object */;
}
